<Solution>
  <Folder Name="/src/">
    <Project Path="src/MiniRover.Protocol/MiniRover.Protocol.csproj" />
    <Project Path="src/MiniRover.Client/MiniRover.Client.csproj" />
    <Project Path="src/MiniRover.Video/MiniRover.Video.csproj" />
    <Project Path="src/MiniRover.Console/MiniRover.Console.csproj" />
    <Project Path="src/MiniRover.App/MiniRover.App.csproj" />
  </Folder>
  <Folder Name="/tests/">
    <Project Path="tests/MiniRover.Client.Tests/MiniRover.Client.Tests.csproj" />
    <Project Path="tests/MiniRover.Protocol.Tests/MiniRover.Protocol.Tests.csproj" />
    <Project Path="tests/MiniRover.Video.Tests/MiniRover.Video.Tests.csproj" />
  </Folder>
</Solution>
