<Solution>
  <Folder Name="/src/">
    <Project Path="src/MiniRover.Protocol/MiniRover.Protocol.csproj" />
    <Project Path="src/MiniRover.Console/MiniRover.Console.csproj" />
  </Folder>
  <Folder Name="/tests/">
    <Project Path="tests/MiniRover.Protocol.Tests/MiniRover.Protocol.Tests.csproj" />
  </Folder>
</Solution>
